{
  "lockfile-version": 1,
  "manifest": {
    "version": 1,
    "install": {
      "python3": {
        "pkg-path": "python313"
      }
    },
    "hook": {
      "on-activate": "  # Autogenerated by Flox\n\n  # Setup a Python virtual environment\n\n  export PYTHON_DIR=\"$FLOX_ENV_CACHE/python\"\n  if [ ! -d \"$PYTHON_DIR\" ]; then\n    echo \"Creating python virtual environment in $PYTHON_DIR\"\n    python -m venv \"$PYTHON_DIR\"\n  fi\n\n  # Quietly activate venv and install packages in a subshell so\n  # that the venv can be freshly activated in the profile section.\n  (\n    source \"$PYTHON_DIR/bin/activate\"\n    pip install -r \"$FLOX_ENV_PROJECT/requirements.txt\" --quiet\n  )\n\n  # End autogenerated by Flox\n"
    },
    "profile": {
      "bash": "  # Autogenerated by Flox\n\n  echo \"Activating python virtual environment\" >&2\n  source \"$PYTHON_DIR/bin/activate\"\n\n  # End autogenerated by Flox\n",
      "zsh": "  # Autogenerated by Flox\n\n  echo \"Activating python virtual environment\" >&2\n  source \"$PYTHON_DIR/bin/activate\"\n\n  # End autogenerated by Flox\n",
      "fish": "  # Autogenerated by Flox\n\n  echo \"Activating python virtual environment\" >&2\n  source \"$PYTHON_DIR/bin/activate.fish\"\n\n  # End autogenerated by Flox\n",
      "tcsh": "  # Autogenerated by Flox\n\n  echo \"Activating python virtual environment\" >&2\n  source \"$PYTHON_DIR/bin/activate.csh\"\n\n  # End autogenerated by Flox\n"
    },
    "options": {}
  },
  "packages": [
    {
      "attr_path": "python313",
      "broken": false,
      "derivation": "/nix/store/v641x0gi71cbd8vsh93wqxbxx6afv21a-python3-3.13.6.drv",
      "description": "High-level dynamically-typed programming language",
      "install_id": "python3",
      "license": "Python-2.0",
      "locked_url": "https://github.com/flox/nixpkgs?rev=b599843bad24621dcaa5ab60dac98f9b0eb1cabe",
      "name": "python3-3.13.6",
      "pname": "python313",
      "rev": "b599843bad24621dcaa5ab60dac98f9b0eb1cabe",
      "rev_count": 858212,
      "rev_date": "2025-09-08T16:06:28Z",
      "scrape_date": "2025-09-10T02:03:25.947468Z",
      "stabilities": [
        "unstable"
      ],
      "unfree": false,
      "version": "python3-3.13.6",
      "outputs_to_install": [
        "out"
      ],
      "outputs": {
        "out": "/nix/store/9px7zzsfnlmj61yy2fpl6z14w93j05is-python3-3.13.6"
      },
      "system": "aarch64-darwin",
      "group": "toplevel",
      "priority": 5
    },
    {
      "attr_path": "python313",
      "broken": false,
      "derivation": "/nix/store/hjjpr0ckq3gs0d5qjmgg1bs0kid6ngh5-python3-3.13.6.drv",
      "description": "High-level dynamically-typed programming language",
      "install_id": "python3",
      "license": "Python-2.0",
      "locked_url": "https://github.com/flox/nixpkgs?rev=b599843bad24621dcaa5ab60dac98f9b0eb1cabe",
      "name": "python3-3.13.6",
      "pname": "python313",
      "rev": "b599843bad24621dcaa5ab60dac98f9b0eb1cabe",
      "rev_count": 858212,
      "rev_date": "2025-09-08T16:06:28Z",
      "scrape_date": "2025-09-10T02:34:38.519420Z",
      "stabilities": [
        "unstable"
      ],
      "unfree": false,
      "version": "python3-3.13.6",
      "outputs_to_install": [
        "out"
      ],
      "outputs": {
        "debug": "/nix/store/yxi8lg3cimrkn0mr24hslnp40hyh46l5-python3-3.13.6-debug",
        "out": "/nix/store/bv3hgziq4mv07whsa3df1d5zh72lxrbk-python3-3.13.6"
      },
      "system": "aarch64-linux",
      "group": "toplevel",
      "priority": 5
    },
    {
      "attr_path": "python313",
      "broken": false,
      "derivation": "/nix/store/gvh54p6dn1br9b1azmrnib1v8hkyvr61-python3-3.13.6.drv",
      "description": "High-level dynamically-typed programming language",
      "install_id": "python3",
      "license": "Python-2.0",
      "locked_url": "https://github.com/flox/nixpkgs?rev=b599843bad24621dcaa5ab60dac98f9b0eb1cabe",
      "name": "python3-3.13.6",
      "pname": "python313",
      "rev": "b599843bad24621dcaa5ab60dac98f9b0eb1cabe",
      "rev_count": 858212,
      "rev_date": "2025-09-08T16:06:28Z",
      "scrape_date": "2025-09-10T03:02:04.624123Z",
      "stabilities": [
        "unstable"
      ],
      "unfree": false,
      "version": "python3-3.13.6",
      "outputs_to_install": [
        "out"
      ],
      "outputs": {
        "out": "/nix/store/gkspnzkgarw4qvbl4670p3jcbgg6psrg-python3-3.13.6"
      },
      "system": "x86_64-darwin",
      "group": "toplevel",
      "priority": 5
    },
    {
      "attr_path": "python313",
      "broken": false,
      "derivation": "/nix/store/8sk7r1s9wf4fpmqrmrpv7jdy881224sp-python3-3.13.6.drv",
      "description": "High-level dynamically-typed programming language",
      "install_id": "python3",
      "license": "Python-2.0",
      "locked_url": "https://github.com/flox/nixpkgs?rev=b599843bad24621dcaa5ab60dac98f9b0eb1cabe",
      "name": "python3-3.13.6",
      "pname": "python313",
      "rev": "b599843bad24621dcaa5ab60dac98f9b0eb1cabe",
      "rev_count": 858212,
      "rev_date": "2025-09-08T16:06:28Z",
      "scrape_date": "2025-09-10T03:35:13.250060Z",
      "stabilities": [
        "unstable"
      ],
      "unfree": false,
      "version": "python3-3.13.6",
      "outputs_to_install": [
        "out"
      ],
      "outputs": {
        "debug": "/nix/store/m8hzvhdrg6nnjxqkjqlm9v5mk9vfxqyq-python3-3.13.6-debug",
        "out": "/nix/store/iyff8129iampdw13nlfqalzhxy8y1hi9-python3-3.13.6"
      },
      "system": "x86_64-linux",
      "group": "toplevel",
      "priority": 5
    }
  ]
}